
Microsoft Visual Studio Solution File, Format Version 12.00
# Visual Studio Version 17
VisualStudioVersion = 17.14.36221.1 d17.14
MinimumVisualStudioVersion = 10.0.40219.1
Project("{FAE04EC0-301F-11D3-BF4B-00C04F79EFBC}") = "PPPP", "PPPP\PPPP.csproj", "{44AF24B9-87A9-4292-A9AF-50CC704FF37B}"
EndProject
Global
	GlobalSection(SolutionConfigurationPlatforms) = preSolution
		Debug|Any CPU = Debug|Any CPU
		Release|Any CPU = Release|Any CPU
	EndGlobalSection
	GlobalSection(ProjectConfigurationPlatforms) = postSolution
		{44AF24B9-87A9-4292-A9AF-50CC704FF37B}.Debug|Any CPU.ActiveCfg = Debug|Any CPU
		{44AF24B9-87A9-4292-A9AF-50CC704FF37B}.Debug|Any CPU.Build.0 = Debug|Any CPU
		{44AF24B9-87A9-4292-A9AF-50CC704FF37B}.Release|Any CPU.ActiveCfg = Release|Any CPU
		{44AF24B9-87A9-4292-A9AF-50CC704FF37B}.Release|Any CPU.Build.0 = Release|Any CPU
	EndGlobalSection
	GlobalSection(SolutionProperties) = preSolution
		HideSolutionNode = FALSE
	EndGlobalSection
	GlobalSection(ExtensibilityGlobals) = postSolution
		SolutionGuid = {7FC8C424-86AC-4DE3-A1A0-8CA3732CBBC9}
	EndGlobalSection
EndGlobal
