
Microsoft Visual Studio Solution File, Format Version 12.00
# Visual Studio Version 17
VisualStudioVersion = 17.14.36221.1
MinimumVisualStudioVersion = 10.0.40219.1
Project("{FAE04EC0-301F-11D3-BF4B-00C04F79EFBC}") = "PR8", "PR8\PR8.csproj", "{EEF94D24-E43B-4CF3-B763-E785ADBE459C}"
EndProject
Global
	GlobalSection(SolutionConfigurationPlatforms) = preSolution
		Debug|Any CPU = Debug|Any CPU
		Release|Any CPU = Release|Any CPU
	EndGlobalSection
	GlobalSection(ProjectConfigurationPlatforms) = postSolution
		{EEF94D24-E43B-4CF3-B763-E785ADBE459C}.Debug|Any CPU.ActiveCfg = Debug|Any CPU
		{EEF94D24-E43B-4CF3-B763-E785ADBE459C}.Debug|Any CPU.Build.0 = Debug|Any CPU
		{EEF94D24-E43B-4CF3-B763-E785ADBE459C}.Release|Any CPU.ActiveCfg = Release|Any CPU
		{EEF94D24-E43B-4CF3-B763-E785ADBE459C}.Release|Any CPU.Build.0 = Release|Any CPU
	EndGlobalSection
	GlobalSection(SolutionProperties) = preSolution
		HideSolutionNode = FALSE
	EndGlobalSection
	GlobalSection(ExtensibilityGlobals) = postSolution
		SolutionGuid = {7FC8C424-86AC-4DE3-A1A0-8CA3732CBBC9}
	EndGlobalSection
EndGlobal
